# This file is automatically @generated by Poetry 1.8.3 and should not be changed by hand.

[[package]]
name = "editable"
version = "1"
description = "editable"
optional = false
python-versions = "^3"
files = []
develop = true

[package.source]
type = "directory"
url = "../editable"

[[package]]
name = "non-editable"
version = "1"
description = "non_editable"
optional = false
python-versions = "^3"
files = []
develop = false

[package.source]
type = "directory"
url = "../non_editable"

[metadata]
lock-version = "2.0"
python-versions = "^3"
content-hash = "3eaa4f9f4b87f817a77099e9a46be189d37d81092c02e7f6efd491fb2e22483b"
